// !$*UTF8*$!
{
	archiveVersion = 1;
	classes = {
	};
	objectVersion = 56;
	objects = {

/* Begin PBXBuildFile section */
		871FC00D2A3D6E0600F52825 /* AppDelegate.swift in Sources */ = {isa = PBXBuildFile; fileRef = 871FC00C2A3D6E0600F52825 /* AppDelegate.swift */; };
		871FC00F2A3D6E0600F52825 /* SceneDelegate.swift in Sources */ = {isa = PBXBuildFile; fileRef = 871FC00E2A3D6E0600F52825 /* SceneDelegate.swift */; };
		871FC0112A3D6E0600F52825 /* ViewController.swift in Sources */ = {isa = PBXBuildFile; fileRef = 871FC0102A3D6E0600F52825 /* ViewController.swift */; };
		871FC0142A3D6E0600F52825 /* Main.storyboard in Resources */ = {isa = PBXBuildFile; fileRef = 871FC0122A3D6E0600F52825 /* Main.storyboard */; };
		871FC0162A3D6E0700F52825 /* Assets.xcassets in Resources */ = {isa = PBXBuildFile; fileRef = 871FC0152A3D6E0700F52825 /* Assets.xcassets */; };
		871FC0192A3D6E0700F52825 /* LaunchScreen.storyboard in Resources */ = {isa = PBXBuildFile; fileRef = 871FC0172A3D6E0700F52825 /* LaunchScreen.storyboard */; };
		871FC0242A3D6E0700F52825 /* TodoListTests.swift in Sources */ = {isa = PBXBuildFile; fileRef = 871FC0232A3D6E0700F52825 /* TodoListTests.swift */; };
		871FC02E2A3D6E0700F52825 /* TodoListUITests.swift in Sources */ = {isa = PBXBuildFile; fileRef = 871FC02D2A3D6E0700F52825 /* TodoListUITests.swift */; };
		871FC0302A3D6E0700F52825 /* TodoListUITestsLaunchTests.swift in Sources */ = {isa = PBXBuildFile; fileRef = 871FC02F2A3D6E0700F52825 /* TodoListUITestsLaunchTests.swift */; };
		871FC03D2A3D6E4F00F52825 /* TodoItem.swift in Sources */ = {isa = PBXBuildFile; fileRef = 871FC03C2A3D6E4F00F52825 /* TodoItem.swift */; };
		871FC03F2A3D6E7500F52825 /* FileCache.swift in Sources */ = {isa = PBXBuildFile; fileRef = 871FC03E2A3D6E7500F52825 /* FileCache.swift */; };
/* End PBXBuildFile section */

/* Begin PBXContainerItemProxy section */
		871FC0202A3D6E0700F52825 /* PBXContainerItemProxy */ = {
			isa = PBXContainerItemProxy;
			containerPortal = 871FC0012A3D6E0600F52825 /* Project object */;
			proxyType = 1;
			remoteGlobalIDString = 871FC0082A3D6E0600F52825;
			remoteInfo = TodoList;
		};
		871FC02A2A3D6E0700F52825 /* PBXContainerItemProxy */ = {
			isa = PBXContainerItemProxy;
			containerPortal = 871FC0012A3D6E0600F52825 /* Project object */;
			proxyType = 1;
			remoteGlobalIDString = 871FC0082A3D6E0600F52825;
			remoteInfo = TodoList;
		};
/* End PBXContainerItemProxy section */

/* Begin PBXFileReference section */
		871FC0092A3D6E0600F52825 /* TodoList.app */ = {isa = PBXFileReference; explicitFileType = wrapper.application; includeInIndex = 0; path = TodoList.app; sourceTree = BUILT_PRODUCTS_DIR; };
		871FC00C2A3D6E0600F52825 /* AppDelegate.swift */ = {isa = PBXFileReference; lastKnownFileType = sourcecode.swift; path = AppDelegate.swift; sourceTree = "<group>"; };
		871FC00E2A3D6E0600F52825 /* SceneDelegate.swift */ = {isa = PBXFileReference; lastKnownFileType = sourcecode.swift; path = SceneDelegate.swift; sourceTree = "<group>"; };
		871FC0102A3D6E0600F52825 /* ViewController.swift */ = {isa = PBXFileReference; lastKnownFileType = sourcecode.swift; path = ViewController.swift; sourceTree = "<group>"; };
		871FC0132A3D6E0600F52825 /* Base */ = {isa = PBXFileReference; lastKnownFileType = file.storyboard; name = Base; path = Base.lproj/Main.storyboard; sourceTree = "<group>"; };
		871FC0152A3D6E0700F52825 /* Assets.xcassets */ = {isa = PBXFileReference; lastKnownFileType = folder.assetcatalog; path = Assets.xcassets; sourceTree = "<group>"; };
		871FC0182A3D6E0700F52825 /* Base */ = {isa = PBXFileReference; lastKnownFileType = file.storyboard; name = Base; path = Base.lproj/LaunchScreen.storyboard; sourceTree = "<group>"; };
		871FC01A2A3D6E0700F52825 /* Info.plist */ = {isa = PBXFileReference; lastKnownFileType = text.plist.xml; path = Info.plist; sourceTree = "<group>"; };
		871FC01F2A3D6E0700F52825 /* TodoListTests.xctest */ = {isa = PBXFileReference; explicitFileType = wrapper.cfbundle; includeInIndex = 0; path = TodoListTests.xctest; sourceTree = BUILT_PRODUCTS_DIR; };
		871FC0232A3D6E0700F52825 /* TodoListTests.swift */ = {isa = PBXFileReference; lastKnownFileType = sourcecode.swift; path = TodoListTests.swift; sourceTree = "<group>"; };
		871FC0292A3D6E0700F52825 /* TodoListUITests.xctest */ = {isa = PBXFileReference; explicitFileType = wrapper.cfbundle; includeInIndex = 0; path = TodoListUITests.xctest; sourceTree = BUILT_PRODUCTS_DIR; };
		871FC02D2A3D6E0700F52825 /* TodoListUITests.swift */ = {isa = PBXFileReference; lastKnownFileType = sourcecode.swift; path = TodoListUITests.swift; sourceTree = "<group>"; };
		871FC02F2A3D6E0700F52825 /* TodoListUITestsLaunchTests.swift */ = {isa = PBXFileReference; lastKnownFileType = sourcecode.swift; path = TodoListUITestsLaunchTests.swift; sourceTree = "<group>"; };
		871FC03C2A3D6E4F00F52825 /* TodoItem.swift */ = {isa = PBXFileReference; lastKnownFileType = sourcecode.swift; path = TodoItem.swift; sourceTree = "<group>"; };
		871FC03E2A3D6E7500F52825 /* FileCache.swift */ = {isa = PBXFileReference; lastKnownFileType = sourcecode.swift; path = FileCache.swift; sourceTree = "<group>"; };
/* End PBXFileReference section */

/* Begin PBXFrameworksBuildPhase section */
		871FC0062A3D6E0600F52825 /* Frameworks */ = {
			isa = PBXFrameworksBuildPhase;
			buildActionMask = 2147483647;
			files = (
			);
			runOnlyForDeploymentPostprocessing = 0;
		};
		871FC01C2A3D6E0700F52825 /* Frameworks */ = {
			isa = PBXFrameworksBuildPhase;
			buildActionMask = 2147483647;
			files = (
			);
			runOnlyForDeploymentPostprocessing = 0;
		};
		871FC0262A3D6E0700F52825 /* Frameworks */ = {
			isa = PBXFrameworksBuildPhase;
			buildActionMask = 2147483647;
			files = (
			);
			runOnlyForDeploymentPostprocessing = 0;
		};
/* End PBXFrameworksBuildPhase section */

/* Begin PBXGroup section */
		871FC0002A3D6E0600F52825 = {
			isa = PBXGroup;
			children = (
				871FC00B2A3D6E0600F52825 /* TodoList */,
				871FC0222A3D6E0700F52825 /* TodoListTests */,
				871FC02C2A3D6E0700F52825 /* TodoListUITests */,
				871FC00A2A3D6E0600F52825 /* Products */,
			);
			sourceTree = "<group>";
		};
		871FC00A2A3D6E0600F52825 /* Products */ = {
			isa = PBXGroup;
			children = (
				871FC0092A3D6E0600F52825 /* TodoList.app */,
				871FC01F2A3D6E0700F52825 /* TodoListTests.xctest */,
				871FC0292A3D6E0700F52825 /* TodoListUITests.xctest */,
			);
			name = Products;
			sourceTree = "<group>";
		};
		871FC00B2A3D6E0600F52825 /* TodoList */ = {
			isa = PBXGroup;
			children = (
				871FC00C2A3D6E0600F52825 /* AppDelegate.swift */,
				871FC00E2A3D6E0600F52825 /* SceneDelegate.swift */,
				871FC03C2A3D6E4F00F52825 /* TodoItem.swift */,
				871FC0102A3D6E0600F52825 /* ViewController.swift */,
				871FC03E2A3D6E7500F52825 /* FileCache.swift */,
				871FC0122A3D6E0600F52825 /* Main.storyboard */,
				871FC0152A3D6E0700F52825 /* Assets.xcassets */,
				871FC0172A3D6E0700F52825 /* LaunchScreen.storyboard */,
				871FC01A2A3D6E0700F52825 /* Info.plist */,
			);
			path = TodoList;
			sourceTree = "<group>";
		};
		871FC0222A3D6E0700F52825 /* TodoListTests */ = {
			isa = PBXGroup;
			children = (
				871FC0232A3D6E0700F52825 /* TodoListTests.swift */,
			);
			path = TodoListTests;
			sourceTree = "<group>";
		};
		871FC02C2A3D6E0700F52825 /* TodoListUITests */ = {
			isa = PBXGroup;
			children = (
				871FC02D2A3D6E0700F52825 /* TodoListUITests.swift */,
				871FC02F2A3D6E0700F52825 /* TodoListUITestsLaunchTests.swift */,
			);
			path = TodoListUITests;
			sourceTree = "<group>";
		};
/* End PBXGroup section */

/* Begin PBXNativeTarget section */
		871FC0082A3D6E0600F52825 /* TodoList */ = {
			isa = PBXNativeTarget;
			buildConfigurationList = 871FC0332A3D6E0700F52825 /* Build configuration list for PBXNativeTarget "TodoList" */;
			buildPhases = (
				871FC0052A3D6E0600F52825 /* Sources */,
				871FC0062A3D6E0600F52825 /* Frameworks */,
				871FC0072A3D6E0600F52825 /* Resources */,
			);
			buildRules = (
			);
			dependencies = (
			);
			name = TodoList;
			productName = TodoList;
			productReference = 871FC0092A3D6E0600F52825 /* TodoList.app */;
			productType = "com.apple.product-type.application";
		};
		871FC01E2A3D6E0700F52825 /* TodoListTests */ = {
			isa = PBXNativeTarget;
			buildConfigurationList = 871FC0362A3D6E0700F52825 /* Build configuration list for PBXNativeTarget "TodoListTests" */;
			buildPhases = (
				871FC01B2A3D6E0700F52825 /* Sources */,
				871FC01C2A3D6E0700F52825 /* Frameworks */,
				871FC01D2A3D6E0700F52825 /* Resources */,
			);
			buildRules = (
			);
			dependencies = (
				871FC0212A3D6E0700F52825 /* PBXTargetDependency */,
			);
			name = TodoListTests;
			productName = TodoListTests;
			productReference = 871FC01F2A3D6E0700F52825 /* TodoListTests.xctest */;
			productType = "com.apple.product-type.bundle.unit-test";
		};
		871FC0282A3D6E0700F52825 /* TodoListUITests */ = {
			isa = PBXNativeTarget;
			buildConfigurationList = 871FC0392A3D6E0700F52825 /* Build configuration list for PBXNativeTarget "TodoListUITests" */;
			buildPhases = (
				871FC0252A3D6E0700F52825 /* Sources */,
				871FC0262A3D6E0700F52825 /* Frameworks */,
				871FC0272A3D6E0700F52825 /* Resources */,
			);
			buildRules = (
			);
			dependencies = (
				871FC02B2A3D6E0700F52825 /* PBXTargetDependency */,
			);
			name = TodoListUITests;
			productName = TodoListUITests;
			productReference = 871FC0292A3D6E0700F52825 /* TodoListUITests.xctest */;
			productType = "com.apple.product-type.bundle.ui-testing";
		};
/* End PBXNativeTarget section */

/* Begin PBXProject section */
		871FC0012A3D6E0600F52825 /* Project object */ = {
			isa = PBXProject;
			attributes = {
				BuildIndependentTargetsInParallel = 1;
				LastSwiftUpdateCheck = 1430;
				LastUpgradeCheck = 1430;
				TargetAttributes = {
					871FC0082A3D6E0600F52825 = {
						CreatedOnToolsVersion = 14.3;
					};
					871FC01E2A3D6E0700F52825 = {
						CreatedOnToolsVersion = 14.3;
						TestTargetID = 871FC0082A3D6E0600F52825;
					};
					871FC0282A3D6E0700F52825 = {
						CreatedOnToolsVersion = 14.3;
						TestTargetID = 871FC0082A3D6E0600F52825;
					};
				};
			};
			buildConfigurationList = 871FC0042A3D6E0600F52825 /* Build configuration list for PBXProject "TodoList" */;
			compatibilityVersion = "Xcode 14.0";
			developmentRegion = en;
			hasScannedForEncodings = 0;
			knownRegions = (
				en,
				Base,
			);
			mainGroup = 871FC0002A3D6E0600F52825;
			productRefGroup = 871FC00A2A3D6E0600F52825 /* Products */;
			projectDirPath = "";
			projectRoot = "";
			targets = (
				871FC0082A3D6E0600F52825 /* TodoList */,
				871FC01E2A3D6E0700F52825 /* TodoListTests */,
				871FC0282A3D6E0700F52825 /* TodoListUITests */,
			);
		};
/* End PBXProject section */

/* Begin PBXResourcesBuildPhase section */
		871FC0072A3D6E0600F52825 /* Resources */ = {
			isa = PBXResourcesBuildPhase;
			buildActionMask = 2147483647;
			files = (
				871FC0192A3D6E0700F52825 /* LaunchScreen.storyboard in Resources */,
				871FC0162A3D6E0700F52825 /* Assets.xcassets in Resources */,
				871FC0142A3D6E0600F52825 /* Main.storyboard in Resources */,
			);
			runOnlyForDeploymentPostprocessing = 0;
		};
		871FC01D2A3D6E0700F52825 /* Resources */ = {
			isa = PBXResourcesBuildPhase;
			buildActionMask = 2147483647;
			files = (
			);
			runOnlyForDeploymentPostprocessing = 0;
		};
		871FC0272A3D6E0700F52825 /* Resources */ = {
			isa = PBXResourcesBuildPhase;
			buildActionMask = 2147483647;
			files = (
			);
			runOnlyForDeploymentPostprocessing = 0;
		};
/* End PBXResourcesBuildPhase section */

/* Begin PBXSourcesBuildPhase section */
		871FC0052A3D6E0600F52825 /* Sources */ = {
			isa = PBXSourcesBuildPhase;
			buildActionMask = 2147483647;
			files = (
				871FC0112A3D6E0600F52825 /* ViewController.swift in Sources */,
				871FC00D2A3D6E0600F52825 /* AppDelegate.swift in Sources */,
				871FC03D2A3D6E4F00F52825 /* TodoItem.swift in Sources */,
				871FC03F2A3D6E7500F52825 /* FileCache.swift in Sources */,
				871FC00F2A3D6E0600F52825 /* SceneDelegate.swift in Sources */,
			);
			runOnlyForDeploymentPostprocessing = 0;
		};
		871FC01B2A3D6E0700F52825 /* Sources */ = {
			isa = PBXSourcesBuildPhase;
			buildActionMask = 2147483647;
			files = (
				871FC0242A3D6E0700F52825 /* TodoListTests.swift in Sources */,
			);
			runOnlyForDeploymentPostprocessing = 0;
		};
		871FC0252A3D6E0700F52825 /* Sources */ = {
			isa = PBXSourcesBuildPhase;
			buildActionMask = 2147483647;
			files = (
				871FC0302A3D6E0700F52825 /* TodoListUITestsLaunchTests.swift in Sources */,
				871FC02E2A3D6E0700F52825 /* TodoListUITests.swift in Sources */,
			);
			runOnlyForDeploymentPostprocessing = 0;
		};
/* End PBXSourcesBuildPhase section */

/* Begin PBXTargetDependency section */
		871FC0212A3D6E0700F52825 /* PBXTargetDependency */ = {
			isa = PBXTargetDependency;
			target = 871FC0082A3D6E0600F52825 /* TodoList */;
			targetProxy = 871FC0202A3D6E0700F52825 /* PBXContainerItemProxy */;
		};
		871FC02B2A3D6E0700F52825 /* PBXTargetDependency */ = {
			isa = PBXTargetDependency;
			target = 871FC0082A3D6E0600F52825 /* TodoList */;
			targetProxy = 871FC02A2A3D6E0700F52825 /* PBXContainerItemProxy */;
		};
/* End PBXTargetDependency section */

/* Begin PBXVariantGroup section */
		871FC0122A3D6E0600F52825 /* Main.storyboard */ = {
			isa = PBXVariantGroup;
			children = (
				871FC0132A3D6E0600F52825 /* Base */,
			);
			name = Main.storyboard;
			sourceTree = "<group>";
		};
		871FC0172A3D6E0700F52825 /* LaunchScreen.storyboard */ = {
			isa = PBXVariantGroup;
			children = (
				871FC0182A3D6E0700F52825 /* Base */,
			);
			name = LaunchScreen.storyboard;
			sourceTree = "<group>";
		};
/* End PBXVariantGroup section */

/* Begin XCBuildConfiguration section */
		871FC0312A3D6E0700F52825 /* Debug */ = {
			isa = XCBuildConfiguration;
			buildSettings = {
				ALWAYS_SEARCH_USER_PATHS = NO;
				CLANG_ANALYZER_NONNULL = YES;
				CLANG_ANALYZER_NUMBER_OBJECT_CONVERSION = YES_AGGRESSIVE;
				CLANG_CXX_LANGUAGE_STANDARD = "gnu++20";
				CLANG_ENABLE_MODULES = YES;
				CLANG_ENABLE_OBJC_ARC = YES;
				CLANG_ENABLE_OBJC_WEAK = YES;
				CLANG_WARN_BLOCK_CAPTURE_AUTORELEASING = YES;
				CLANG_WARN_BOOL_CONVERSION = YES;
				CLANG_WARN_COMMA = YES;
				CLANG_WARN_CONSTANT_CONVERSION = YES;
				CLANG_WARN_DEPRECATED_OBJC_IMPLEMENTATIONS = YES;
				CLANG_WARN_DIRECT_OBJC_ISA_USAGE = YES_ERROR;
				CLANG_WARN_DOCUMENTATION_COMMENTS = YES;
				CLANG_WARN_EMPTY_BODY = YES;
				CLANG_WARN_ENUM_CONVERSION = YES;
				CLANG_WARN_INFINITE_RECURSION = YES;
				CLANG_WARN_INT_CONVERSION = YES;
				CLANG_WARN_NON_LITERAL_NULL_CONVERSION = YES;
				CLANG_WARN_OBJC_IMPLICIT_RETAIN_SELF = YES;
				CLANG_WARN_OBJC_LITERAL_CONVERSION = YES;
				CLANG_WARN_OBJC_ROOT_CLASS = YES_ERROR;
				CLANG_WARN_QUOTED_INCLUDE_IN_FRAMEWORK_HEADER = YES;
				CLANG_WARN_RANGE_LOOP_ANALYSIS = YES;
				CLANG_WARN_STRICT_PROTOTYPES = YES;
				CLANG_WARN_SUSPICIOUS_MOVE = YES;
				CLANG_WARN_UNGUARDED_AVAILABILITY = YES_AGGRESSIVE;
				CLANG_WARN_UNREACHABLE_CODE = YES;
				CLANG_WARN__DUPLICATE_METHOD_MATCH = YES;
				COPY_PHASE_STRIP = NO;
				DEBUG_INFORMATION_FORMAT = dwarf;
				ENABLE_STRICT_OBJC_MSGSEND = YES;
				ENABLE_TESTABILITY = YES;
				GCC_C_LANGUAGE_STANDARD = gnu11;
				GCC_DYNAMIC_NO_PIC = NO;
				GCC_NO_COMMON_BLOCKS = YES;
				GCC_OPTIMIZATION_LEVEL = 0;
				GCC_PREPROCESSOR_DEFINITIONS = (
					"DEBUG=1",
					"$(inherited)",
				);
				GCC_WARN_64_TO_32_BIT_CONVERSION = YES;
				GCC_WARN_ABOUT_RETURN_TYPE = YES_ERROR;
				GCC_WARN_UNDECLARED_SELECTOR = YES;
				GCC_WARN_UNINITIALIZED_AUTOS = YES_AGGRESSIVE;
				GCC_WARN_UNUSED_FUNCTION = YES;
				GCC_WARN_UNUSED_VARIABLE = YES;
				IPHONEOS_DEPLOYMENT_TARGET = 16.4;
				MTL_ENABLE_DEBUG_INFO = INCLUDE_SOURCE;
				MTL_FAST_MATH = YES;
				ONLY_ACTIVE_ARCH = YES;
				SDKROOT = iphoneos;
				SWIFT_ACTIVE_COMPILATION_CONDITIONS = DEBUG;
				SWIFT_OPTIMIZATION_LEVEL = "-Onone";
			};
			name = Debug;
		};
		871FC0322A3D6E0700F52825 /* Release */ = {
			isa = XCBuildConfiguration;
			buildSettings = {
				ALWAYS_SEARCH_USER_PATHS = NO;
				CLANG_ANALYZER_NONNULL = YES;
				CLANG_ANALYZER_NUMBER_OBJECT_CONVERSION = YES_AGGRESSIVE;
				CLANG_CXX_LANGUAGE_STANDARD = "gnu++20";
				CLANG_ENABLE_MODULES = YES;
				CLANG_ENABLE_OBJC_ARC = YES;
				CLANG_ENABLE_OBJC_WEAK = YES;
				CLANG_WARN_BLOCK_CAPTURE_AUTORELEASING = YES;
				CLANG_WARN_BOOL_CONVERSION = YES;
				CLANG_WARN_COMMA = YES;
				CLANG_WARN_CONSTANT_CONVERSION = YES;
				CLANG_WARN_DEPRECATED_OBJC_IMPLEMENTATIONS = YES;
				CLANG_WARN_DIRECT_OBJC_ISA_USAGE = YES_ERROR;
				CLANG_WARN_DOCUMENTATION_COMMENTS = YES;
				CLANG_WARN_EMPTY_BODY = YES;
				CLANG_WARN_ENUM_CONVERSION = YES;
				CLANG_WARN_INFINITE_RECURSION = YES;
				CLANG_WARN_INT_CONVERSION = YES;
				CLANG_WARN_NON_LITERAL_NULL_CONVERSION = YES;
				CLANG_WARN_OBJC_IMPLICIT_RETAIN_SELF = YES;
				CLANG_WARN_OBJC_LITERAL_CONVERSION = YES;
				CLANG_WARN_OBJC_ROOT_CLASS = YES_ERROR;
				CLANG_WARN_QUOTED_INCLUDE_IN_FRAMEWORK_HEADER = YES;
				CLANG_WARN_RANGE_LOOP_ANALYSIS = YES;
				CLANG_WARN_STRICT_PROTOTYPES = YES;
				CLANG_WARN_SUSPICIOUS_MOVE = YES;
				CLANG_WARN_UNGUARDED_AVAILABILITY = YES_AGGRESSIVE;
				CLANG_WARN_UNREACHABLE_CODE = YES;
				CLANG_WARN__DUPLICATE_METHOD_MATCH = YES;
				COPY_PHASE_STRIP = NO;
				DEBUG_INFORMATION_FORMAT = "dwarf-with-dsym";
				ENABLE_NS_ASSERTIONS = NO;
				ENABLE_STRICT_OBJC_MSGSEND = YES;
				GCC_C_LANGUAGE_STANDARD = gnu11;
				GCC_NO_COMMON_BLOCKS = YES;
				GCC_WARN_64_TO_32_BIT_CONVERSION = YES;
				GCC_WARN_ABOUT_RETURN_TYPE = YES_ERROR;
				GCC_WARN_UNDECLARED_SELECTOR = YES;
				GCC_WARN_UNINITIALIZED_AUTOS = YES_AGGRESSIVE;
				GCC_WARN_UNUSED_FUNCTION = YES;
				GCC_WARN_UNUSED_VARIABLE = YES;
				IPHONEOS_DEPLOYMENT_TARGET = 16.4;
				MTL_ENABLE_DEBUG_INFO = NO;
				MTL_FAST_MATH = YES;
				SDKROOT = iphoneos;
				SWIFT_COMPILATION_MODE = wholemodule;
				SWIFT_OPTIMIZATION_LEVEL = "-O";
				VALIDATE_PRODUCT = YES;
			};
			name = Release;
		};
		871FC0342A3D6E0700F52825 /* Debug */ = {
			isa = XCBuildConfiguration;
			buildSettings = {
				ASSETCATALOG_COMPILER_APPICON_NAME = AppIcon;
				ASSETCATALOG_COMPILER_GLOBAL_ACCENT_COLOR_NAME = AccentColor;
				CODE_SIGN_STYLE = Automatic;
				CURRENT_PROJECT_VERSION = 1;
				GENERATE_INFOPLIST_FILE = YES;
				INFOPLIST_FILE = TodoList/Info.plist;
				INFOPLIST_KEY_UIApplicationSupportsIndirectInputEvents = YES;
				INFOPLIST_KEY_UILaunchStoryboardName = LaunchScreen;
				INFOPLIST_KEY_UIMainStoryboardFile = Main;
				INFOPLIST_KEY_UISupportedInterfaceOrientations_iPad = "UIInterfaceOrientationPortrait UIInterfaceOrientationPortraitUpsideDown UIInterfaceOrientationLandscapeLeft UIInterfaceOrientationLandscapeRight";
				INFOPLIST_KEY_UISupportedInterfaceOrientations_iPhone = "UIInterfaceOrientationPortrait UIInterfaceOrientationLandscapeLeft UIInterfaceOrientationLandscapeRight";
				LD_RUNPATH_SEARCH_PATHS = (
					"$(inherited)",
					"@executable_path/Frameworks",
				);
				MARKETING_VERSION = 1.0;
				PRODUCT_BUNDLE_IDENTIFIER = anon1m4ick.TodoList;
				PRODUCT_NAME = "$(TARGET_NAME)";
				SWIFT_EMIT_LOC_STRINGS = YES;
				SWIFT_VERSION = 5.0;
				TARGETED_DEVICE_FAMILY = "1,2";
			};
			name = Debug;
		};
		871FC0352A3D6E0700F52825 /* Release */ = {
			isa = XCBuildConfiguration;
			buildSettings = {
				ASSETCATALOG_COMPILER_APPICON_NAME = AppIcon;
				ASSETCATALOG_COMPILER_GLOBAL_ACCENT_COLOR_NAME = AccentColor;
				CODE_SIGN_STYLE = Automatic;
				CURRENT_PROJECT_VERSION = 1;
				GENERATE_INFOPLIST_FILE = YES;
				INFOPLIST_FILE = TodoList/Info.plist;
				INFOPLIST_KEY_UIApplicationSupportsIndirectInputEvents = YES;
				INFOPLIST_KEY_UILaunchStoryboardName = LaunchScreen;
				INFOPLIST_KEY_UIMainStoryboardFile = Main;
				INFOPLIST_KEY_UISupportedInterfaceOrientations_iPad = "UIInterfaceOrientationPortrait UIInterfaceOrientationPortraitUpsideDown UIInterfaceOrientationLandscapeLeft UIInterfaceOrientationLandscapeRight";
				INFOPLIST_KEY_UISupportedInterfaceOrientations_iPhone = "UIInterfaceOrientationPortrait UIInterfaceOrientationLandscapeLeft UIInterfaceOrientationLandscapeRight";
				LD_RUNPATH_SEARCH_PATHS = (
					"$(inherited)",
					"@executable_path/Frameworks",
				);
				MARKETING_VERSION = 1.0;
				PRODUCT_BUNDLE_IDENTIFIER = anon1m4ick.TodoList;
				PRODUCT_NAME = "$(TARGET_NAME)";
				SWIFT_EMIT_LOC_STRINGS = YES;
				SWIFT_VERSION = 5.0;
				TARGETED_DEVICE_FAMILY = "1,2";
			};
			name = Release;
		};
		871FC0372A3D6E0700F52825 /* Debug */ = {
			isa = XCBuildConfiguration;
			buildSettings = {
				ALWAYS_EMBED_SWIFT_STANDARD_LIBRARIES = YES;
				BUNDLE_LOADER = "$(TEST_HOST)";
				CODE_SIGN_STYLE = Automatic;
				CURRENT_PROJECT_VERSION = 1;
				GENERATE_INFOPLIST_FILE = YES;
				IPHONEOS_DEPLOYMENT_TARGET = 16.4;
				MARKETING_VERSION = 1.0;
				PRODUCT_BUNDLE_IDENTIFIER = anon1m4ick.TodoListTests;
				PRODUCT_NAME = "$(TARGET_NAME)";
				SWIFT_EMIT_LOC_STRINGS = NO;
				SWIFT_VERSION = 5.0;
				TARGETED_DEVICE_FAMILY = "1,2";
				TEST_HOST = "$(BUILT_PRODUCTS_DIR)/TodoList.app/$(BUNDLE_EXECUTABLE_FOLDER_PATH)/TodoList";
			};
			name = Debug;
		};
		871FC0382A3D6E0700F52825 /* Release */ = {
			isa = XCBuildConfiguration;
			buildSettings = {
				ALWAYS_EMBED_SWIFT_STANDARD_LIBRARIES = YES;
				BUNDLE_LOADER = "$(TEST_HOST)";
				CODE_SIGN_STYLE = Automatic;
				CURRENT_PROJECT_VERSION = 1;
				GENERATE_INFOPLIST_FILE = YES;
				IPHONEOS_DEPLOYMENT_TARGET = 16.4;
				MARKETING_VERSION = 1.0;
				PRODUCT_BUNDLE_IDENTIFIER = anon1m4ick.TodoListTests;
				PRODUCT_NAME = "$(TARGET_NAME)";
				SWIFT_EMIT_LOC_STRINGS = NO;
				SWIFT_VERSION = 5.0;
				TARGETED_DEVICE_FAMILY = "1,2";
				TEST_HOST = "$(BUILT_PRODUCTS_DIR)/TodoList.app/$(BUNDLE_EXECUTABLE_FOLDER_PATH)/TodoList";
			};
			name = Release;
		};
		871FC03A2A3D6E0700F52825 /* Debug */ = {
			isa = XCBuildConfiguration;
			buildSettings = {
				ALWAYS_EMBED_SWIFT_STANDARD_LIBRARIES = YES;
				CODE_SIGN_STYLE = Automatic;
				CURRENT_PROJECT_VERSION = 1;
				GENERATE_INFOPLIST_FILE = YES;
				MARKETING_VERSION = 1.0;
				PRODUCT_BUNDLE_IDENTIFIER = anon1m4ick.TodoListUITests;
				PRODUCT_NAME = "$(TARGET_NAME)";
				SWIFT_EMIT_LOC_STRINGS = NO;
				SWIFT_VERSION = 5.0;
				TARGETED_DEVICE_FAMILY = "1,2";
				TEST_TARGET_NAME = TodoList;
			};
			name = Debug;
		};
		871FC03B2A3D6E0700F52825 /* Release */ = {
			isa = XCBuildConfiguration;
			buildSettings = {
				ALWAYS_EMBED_SWIFT_STANDARD_LIBRARIES = YES;
				CODE_SIGN_STYLE = Automatic;
				CURRENT_PROJECT_VERSION = 1;
				GENERATE_INFOPLIST_FILE = YES;
				MARKETING_VERSION = 1.0;
				PRODUCT_BUNDLE_IDENTIFIER = anon1m4ick.TodoListUITests;
				PRODUCT_NAME = "$(TARGET_NAME)";
				SWIFT_EMIT_LOC_STRINGS = NO;
				SWIFT_VERSION = 5.0;
				TARGETED_DEVICE_FAMILY = "1,2";
				TEST_TARGET_NAME = TodoList;
			};
			name = Release;
		};
/* End XCBuildConfiguration section */

/* Begin XCConfigurationList section */
		871FC0042A3D6E0600F52825 /* Build configuration list for PBXProject "TodoList" */ = {
			isa = XCConfigurationList;
			buildConfigurations = (
				871FC0312A3D6E0700F52825 /* Debug */,
				871FC0322A3D6E0700F52825 /* Release */,
			);
			defaultConfigurationIsVisible = 0;
			defaultConfigurationName = Release;
		};
		871FC0332A3D6E0700F52825 /* Build configuration list for PBXNativeTarget "TodoList" */ = {
			isa = XCConfigurationList;
			buildConfigurations = (
				871FC0342A3D6E0700F52825 /* Debug */,
				871FC0352A3D6E0700F52825 /* Release */,
			);
			defaultConfigurationIsVisible = 0;
			defaultConfigurationName = Release;
		};
		871FC0362A3D6E0700F52825 /* Build configuration list for PBXNativeTarget "TodoListTests" */ = {
			isa = XCConfigurationList;
			buildConfigurations = (
				871FC0372A3D6E0700F52825 /* Debug */,
				871FC0382A3D6E0700F52825 /* Release */,
			);
			defaultConfigurationIsVisible = 0;
			defaultConfigurationName = Release;
		};
		871FC0392A3D6E0700F52825 /* Build configuration list for PBXNativeTarget "TodoListUITests" */ = {
			isa = XCConfigurationList;
			buildConfigurations = (
				871FC03A2A3D6E0700F52825 /* Debug */,
				871FC03B2A3D6E0700F52825 /* Release */,
			);
			defaultConfigurationIsVisible = 0;
			defaultConfigurationName = Release;
		};
/* End XCConfigurationList section */
	};
	rootObject = 871FC0012A3D6E0600F52825 /* Project object */;
}
