// !$*UTF8*$!
{
	archiveVersion = 1;
	classes = {
	};
	objectVersion = 56;
	objects = {

/* Begin PBXBuildFile section */
		8791047E2A3B7191007C34A8 /* AppDelegate.swift in Sources */ = {isa = PBXBuildFile; fileRef = 8791047D2A3B7191007C34A8 /* AppDelegate.swift */; };
		879104802A3B7191007C34A8 /* SceneDelegate.swift in Sources */ = {isa = PBXBuildFile; fileRef = 8791047F2A3B7191007C34A8 /* SceneDelegate.swift */; };
		879104822A3B7191007C34A8 /* ViewController.swift in Sources */ = {isa = PBXBuildFile; fileRef = 879104812A3B7191007C34A8 /* ViewController.swift */; };
		879104852A3B7191007C34A8 /* Main.storyboard in Resources */ = {isa = PBXBuildFile; fileRef = 879104832A3B7191007C34A8 /* Main.storyboard */; };
		879104872A3B7193007C34A8 /* Assets.xcassets in Resources */ = {isa = PBXBuildFile; fileRef = 879104862A3B7193007C34A8 /* Assets.xcassets */; };
		8791048A2A3B7193007C34A8 /* LaunchScreen.storyboard in Resources */ = {isa = PBXBuildFile; fileRef = 879104882A3B7193007C34A8 /* LaunchScreen.storyboard */; };
		879104952A3B7193007C34A8 /* TodoListTests.swift in Sources */ = {isa = PBXBuildFile; fileRef = 879104942A3B7193007C34A8 /* TodoListTests.swift */; };
		8791049F2A3B7193007C34A8 /* TodoListUITests.swift in Sources */ = {isa = PBXBuildFile; fileRef = 8791049E2A3B7193007C34A8 /* TodoListUITests.swift */; };
		879104A12A3B7193007C34A8 /* TodoListUITestsLaunchTests.swift in Sources */ = {isa = PBXBuildFile; fileRef = 879104A02A3B7193007C34A8 /* TodoListUITestsLaunchTests.swift */; };
		879104AE2A3B7219007C34A8 /* TodoItem.swift in Sources */ = {isa = PBXBuildFile; fileRef = 879104AD2A3B7219007C34A8 /* TodoItem.swift */; };
		879104B02A3B7511007C34A8 /* FileCache.swift in Sources */ = {isa = PBXBuildFile; fileRef = 879104AF2A3B7511007C34A8 /* FileCache.swift */; };
/* End PBXBuildFile section */

/* Begin PBXContainerItemProxy section */
		879104912A3B7193007C34A8 /* PBXContainerItemProxy */ = {
			isa = PBXContainerItemProxy;
			containerPortal = 879104722A3B7191007C34A8 /* Project object */;
			proxyType = 1;
			remoteGlobalIDString = 879104792A3B7191007C34A8;
			remoteInfo = TodoList;
		};
		8791049B2A3B7193007C34A8 /* PBXContainerItemProxy */ = {
			isa = PBXContainerItemProxy;
			containerPortal = 879104722A3B7191007C34A8 /* Project object */;
			proxyType = 1;
			remoteGlobalIDString = 879104792A3B7191007C34A8;
			remoteInfo = TodoList;
		};
/* End PBXContainerItemProxy section */

/* Begin PBXFileReference section */
		8791047A2A3B7191007C34A8 /* TodoList.app */ = {isa = PBXFileReference; explicitFileType = wrapper.application; includeInIndex = 0; path = TodoList.app; sourceTree = BUILT_PRODUCTS_DIR; };
		8791047D2A3B7191007C34A8 /* AppDelegate.swift */ = {isa = PBXFileReference; lastKnownFileType = sourcecode.swift; path = AppDelegate.swift; sourceTree = "<group>"; };
		8791047F2A3B7191007C34A8 /* SceneDelegate.swift */ = {isa = PBXFileReference; lastKnownFileType = sourcecode.swift; path = SceneDelegate.swift; sourceTree = "<group>"; };
		879104812A3B7191007C34A8 /* ViewController.swift */ = {isa = PBXFileReference; lastKnownFileType = sourcecode.swift; path = ViewController.swift; sourceTree = "<group>"; };
		879104842A3B7191007C34A8 /* Base */ = {isa = PBXFileReference; lastKnownFileType = file.storyboard; name = Base; path = Base.lproj/Main.storyboard; sourceTree = "<group>"; };
		879104862A3B7193007C34A8 /* Assets.xcassets */ = {isa = PBXFileReference; lastKnownFileType = folder.assetcatalog; path = Assets.xcassets; sourceTree = "<group>"; };
		879104892A3B7193007C34A8 /* Base */ = {isa = PBXFileReference; lastKnownFileType = file.storyboard; name = Base; path = Base.lproj/LaunchScreen.storyboard; sourceTree = "<group>"; };
		8791048B2A3B7193007C34A8 /* Info.plist */ = {isa = PBXFileReference; lastKnownFileType = text.plist.xml; path = Info.plist; sourceTree = "<group>"; };
		879104902A3B7193007C34A8 /* TodoListTests.xctest */ = {isa = PBXFileReference; explicitFileType = wrapper.cfbundle; includeInIndex = 0; path = TodoListTests.xctest; sourceTree = BUILT_PRODUCTS_DIR; };
		879104942A3B7193007C34A8 /* TodoListTests.swift */ = {isa = PBXFileReference; lastKnownFileType = sourcecode.swift; path = TodoListTests.swift; sourceTree = "<group>"; };
		8791049A2A3B7193007C34A8 /* TodoListUITests.xctest */ = {isa = PBXFileReference; explicitFileType = wrapper.cfbundle; includeInIndex = 0; path = TodoListUITests.xctest; sourceTree = BUILT_PRODUCTS_DIR; };
		8791049E2A3B7193007C34A8 /* TodoListUITests.swift */ = {isa = PBXFileReference; lastKnownFileType = sourcecode.swift; path = TodoListUITests.swift; sourceTree = "<group>"; };
		879104A02A3B7193007C34A8 /* TodoListUITestsLaunchTests.swift */ = {isa = PBXFileReference; lastKnownFileType = sourcecode.swift; path = TodoListUITestsLaunchTests.swift; sourceTree = "<group>"; };
		879104AD2A3B7219007C34A8 /* TodoItem.swift */ = {isa = PBXFileReference; lastKnownFileType = sourcecode.swift; name = TodoItem.swift; path = ../../TodoItem.swift; sourceTree = "<group>"; };
		879104AF2A3B7511007C34A8 /* FileCache.swift */ = {isa = PBXFileReference; lastKnownFileType = sourcecode.swift; path = FileCache.swift; sourceTree = "<group>"; };
		87EE8CF12A3D2E8500FF0BE1 /* TodoList.xctestplan */ = {isa = PBXFileReference; lastKnownFileType = text; path = TodoList.xctestplan; sourceTree = "<group>"; };
/* End PBXFileReference section */

/* Begin PBXFrameworksBuildPhase section */
		879104772A3B7191007C34A8 /* Frameworks */ = {
			isa = PBXFrameworksBuildPhase;
			buildActionMask = 2147483647;
			files = (
			);
			runOnlyForDeploymentPostprocessing = 0;
		};
		8791048D2A3B7193007C34A8 /* Frameworks */ = {
			isa = PBXFrameworksBuildPhase;
			buildActionMask = 2147483647;
			files = (
			);
			runOnlyForDeploymentPostprocessing = 0;
		};
		879104972A3B7193007C34A8 /* Frameworks */ = {
			isa = PBXFrameworksBuildPhase;
			buildActionMask = 2147483647;
			files = (
			);
			runOnlyForDeploymentPostprocessing = 0;
		};
/* End PBXFrameworksBuildPhase section */

/* Begin PBXGroup section */
		879104712A3B7191007C34A8 = {
			isa = PBXGroup;
			children = (
				87EE8CF12A3D2E8500FF0BE1 /* TodoList.xctestplan */,
				8791047C2A3B7191007C34A8 /* TodoList */,
				879104932A3B7193007C34A8 /* TodoListTests */,
				8791049D2A3B7193007C34A8 /* TodoListUITests */,
				8791047B2A3B7191007C34A8 /* Products */,
			);
			sourceTree = "<group>";
		};
		8791047B2A3B7191007C34A8 /* Products */ = {
			isa = PBXGroup;
			children = (
				8791047A2A3B7191007C34A8 /* TodoList.app */,
				879104902A3B7193007C34A8 /* TodoListTests.xctest */,
				8791049A2A3B7193007C34A8 /* TodoListUITests.xctest */,
			);
			name = Products;
			sourceTree = "<group>";
		};
		8791047C2A3B7191007C34A8 /* TodoList */ = {
			isa = PBXGroup;
			children = (
				8791047D2A3B7191007C34A8 /* AppDelegate.swift */,
				8791047F2A3B7191007C34A8 /* SceneDelegate.swift */,
				879104812A3B7191007C34A8 /* ViewController.swift */,
				879104AD2A3B7219007C34A8 /* TodoItem.swift */,
				879104AF2A3B7511007C34A8 /* FileCache.swift */,
				879104832A3B7191007C34A8 /* Main.storyboard */,
				879104862A3B7193007C34A8 /* Assets.xcassets */,
				879104882A3B7193007C34A8 /* LaunchScreen.storyboard */,
				8791048B2A3B7193007C34A8 /* Info.plist */,
			);
			path = TodoList;
			sourceTree = "<group>";
		};
		879104932A3B7193007C34A8 /* TodoListTests */ = {
			isa = PBXGroup;
			children = (
				879104942A3B7193007C34A8 /* TodoListTests.swift */,
			);
			path = TodoListTests;
			sourceTree = "<group>";
		};
		8791049D2A3B7193007C34A8 /* TodoListUITests */ = {
			isa = PBXGroup;
			children = (
				8791049E2A3B7193007C34A8 /* TodoListUITests.swift */,
				879104A02A3B7193007C34A8 /* TodoListUITestsLaunchTests.swift */,
			);
			path = TodoListUITests;
			sourceTree = "<group>";
		};
/* End PBXGroup section */

/* Begin PBXNativeTarget section */
		879104792A3B7191007C34A8 /* TodoList */ = {
			isa = PBXNativeTarget;
			buildConfigurationList = 879104A42A3B7193007C34A8 /* Build configuration list for PBXNativeTarget "TodoList" */;
			buildPhases = (
				879104762A3B7191007C34A8 /* Sources */,
				879104772A3B7191007C34A8 /* Frameworks */,
				879104782A3B7191007C34A8 /* Resources */,
			);
			buildRules = (
			);
			dependencies = (
			);
			name = TodoList;
			productName = TodoList;
			productReference = 8791047A2A3B7191007C34A8 /* TodoList.app */;
			productType = "com.apple.product-type.application";
		};
		8791048F2A3B7193007C34A8 /* TodoListTests */ = {
			isa = PBXNativeTarget;
			buildConfigurationList = 879104A72A3B7193007C34A8 /* Build configuration list for PBXNativeTarget "TodoListTests" */;
			buildPhases = (
				8791048C2A3B7193007C34A8 /* Sources */,
				8791048D2A3B7193007C34A8 /* Frameworks */,
				8791048E2A3B7193007C34A8 /* Resources */,
			);
			buildRules = (
			);
			dependencies = (
				879104922A3B7193007C34A8 /* PBXTargetDependency */,
			);
			name = TodoListTests;
			productName = TodoListTests;
			productReference = 879104902A3B7193007C34A8 /* TodoListTests.xctest */;
			productType = "com.apple.product-type.bundle.unit-test";
		};
		879104992A3B7193007C34A8 /* TodoListUITests */ = {
			isa = PBXNativeTarget;
			buildConfigurationList = 879104AA2A3B7193007C34A8 /* Build configuration list for PBXNativeTarget "TodoListUITests" */;
			buildPhases = (
				879104962A3B7193007C34A8 /* Sources */,
				879104972A3B7193007C34A8 /* Frameworks */,
				879104982A3B7193007C34A8 /* Resources */,
			);
			buildRules = (
			);
			dependencies = (
				8791049C2A3B7193007C34A8 /* PBXTargetDependency */,
			);
			name = TodoListUITests;
			productName = TodoListUITests;
			productReference = 8791049A2A3B7193007C34A8 /* TodoListUITests.xctest */;
			productType = "com.apple.product-type.bundle.ui-testing";
		};
/* End PBXNativeTarget section */

/* Begin PBXProject section */
		879104722A3B7191007C34A8 /* Project object */ = {
			isa = PBXProject;
			attributes = {
				BuildIndependentTargetsInParallel = 1;
				LastSwiftUpdateCheck = 1430;
				LastUpgradeCheck = 1430;
				TargetAttributes = {
					879104792A3B7191007C34A8 = {
						CreatedOnToolsVersion = 14.3;
					};
					8791048F2A3B7193007C34A8 = {
						CreatedOnToolsVersion = 14.3;
						TestTargetID = 879104792A3B7191007C34A8;
					};
					879104992A3B7193007C34A8 = {
						CreatedOnToolsVersion = 14.3;
						TestTargetID = 879104792A3B7191007C34A8;
					};
				};
			};
			buildConfigurationList = 879104752A3B7191007C34A8 /* Build configuration list for PBXProject "TodoList" */;
			compatibilityVersion = "Xcode 14.0";
			developmentRegion = en;
			hasScannedForEncodings = 0;
			knownRegions = (
				en,
				Base,
			);
			mainGroup = 879104712A3B7191007C34A8;
			productRefGroup = 8791047B2A3B7191007C34A8 /* Products */;
			projectDirPath = "";
			projectRoot = "";
			targets = (
				879104792A3B7191007C34A8 /* TodoList */,
				8791048F2A3B7193007C34A8 /* TodoListTests */,
				879104992A3B7193007C34A8 /* TodoListUITests */,
			);
		};
/* End PBXProject section */

/* Begin PBXResourcesBuildPhase section */
		879104782A3B7191007C34A8 /* Resources */ = {
			isa = PBXResourcesBuildPhase;
			buildActionMask = 2147483647;
			files = (
				8791048A2A3B7193007C34A8 /* LaunchScreen.storyboard in Resources */,
				879104872A3B7193007C34A8 /* Assets.xcassets in Resources */,
				879104852A3B7191007C34A8 /* Main.storyboard in Resources */,
			);
			runOnlyForDeploymentPostprocessing = 0;
		};
		8791048E2A3B7193007C34A8 /* Resources */ = {
			isa = PBXResourcesBuildPhase;
			buildActionMask = 2147483647;
			files = (
			);
			runOnlyForDeploymentPostprocessing = 0;
		};
		879104982A3B7193007C34A8 /* Resources */ = {
			isa = PBXResourcesBuildPhase;
			buildActionMask = 2147483647;
			files = (
			);
			runOnlyForDeploymentPostprocessing = 0;
		};
/* End PBXResourcesBuildPhase section */

/* Begin PBXSourcesBuildPhase section */
		879104762A3B7191007C34A8 /* Sources */ = {
			isa = PBXSourcesBuildPhase;
			buildActionMask = 2147483647;
			files = (
				879104822A3B7191007C34A8 /* ViewController.swift in Sources */,
				8791047E2A3B7191007C34A8 /* AppDelegate.swift in Sources */,
				879104AE2A3B7219007C34A8 /* TodoItem.swift in Sources */,
				879104B02A3B7511007C34A8 /* FileCache.swift in Sources */,
				879104802A3B7191007C34A8 /* SceneDelegate.swift in Sources */,
			);
			runOnlyForDeploymentPostprocessing = 0;
		};
		8791048C2A3B7193007C34A8 /* Sources */ = {
			isa = PBXSourcesBuildPhase;
			buildActionMask = 2147483647;
			files = (
				879104952A3B7193007C34A8 /* TodoListTests.swift in Sources */,
			);
			runOnlyForDeploymentPostprocessing = 0;
		};
		879104962A3B7193007C34A8 /* Sources */ = {
			isa = PBXSourcesBuildPhase;
			buildActionMask = 2147483647;
			files = (
				879104A12A3B7193007C34A8 /* TodoListUITestsLaunchTests.swift in Sources */,
				8791049F2A3B7193007C34A8 /* TodoListUITests.swift in Sources */,
			);
			runOnlyForDeploymentPostprocessing = 0;
		};
/* End PBXSourcesBuildPhase section */

/* Begin PBXTargetDependency section */
		879104922A3B7193007C34A8 /* PBXTargetDependency */ = {
			isa = PBXTargetDependency;
			target = 879104792A3B7191007C34A8 /* TodoList */;
			targetProxy = 879104912A3B7193007C34A8 /* PBXContainerItemProxy */;
		};
		8791049C2A3B7193007C34A8 /* PBXTargetDependency */ = {
			isa = PBXTargetDependency;
			target = 879104792A3B7191007C34A8 /* TodoList */;
			targetProxy = 8791049B2A3B7193007C34A8 /* PBXContainerItemProxy */;
		};
/* End PBXTargetDependency section */

/* Begin PBXVariantGroup section */
		879104832A3B7191007C34A8 /* Main.storyboard */ = {
			isa = PBXVariantGroup;
			children = (
				879104842A3B7191007C34A8 /* Base */,
			);
			name = Main.storyboard;
			sourceTree = "<group>";
		};
		879104882A3B7193007C34A8 /* LaunchScreen.storyboard */ = {
			isa = PBXVariantGroup;
			children = (
				879104892A3B7193007C34A8 /* Base */,
			);
			name = LaunchScreen.storyboard;
			sourceTree = "<group>";
		};
/* End PBXVariantGroup section */

/* Begin XCBuildConfiguration section */
		879104A22A3B7193007C34A8 /* Debug */ = {
			isa = XCBuildConfiguration;
			buildSettings = {
				ALWAYS_SEARCH_USER_PATHS = NO;
				CLANG_ANALYZER_NONNULL = YES;
				CLANG_ANALYZER_NUMBER_OBJECT_CONVERSION = YES_AGGRESSIVE;
				CLANG_CXX_LANGUAGE_STANDARD = "gnu++20";
				CLANG_ENABLE_MODULES = YES;
				CLANG_ENABLE_OBJC_ARC = YES;
				CLANG_ENABLE_OBJC_WEAK = YES;
				CLANG_WARN_BLOCK_CAPTURE_AUTORELEASING = YES;
				CLANG_WARN_BOOL_CONVERSION = YES;
				CLANG_WARN_COMMA = YES;
				CLANG_WARN_CONSTANT_CONVERSION = YES;
				CLANG_WARN_DEPRECATED_OBJC_IMPLEMENTATIONS = YES;
				CLANG_WARN_DIRECT_OBJC_ISA_USAGE = YES_ERROR;
				CLANG_WARN_DOCUMENTATION_COMMENTS = YES;
				CLANG_WARN_EMPTY_BODY = YES;
				CLANG_WARN_ENUM_CONVERSION = YES;
				CLANG_WARN_INFINITE_RECURSION = YES;
				CLANG_WARN_INT_CONVERSION = YES;
				CLANG_WARN_NON_LITERAL_NULL_CONVERSION = YES;
				CLANG_WARN_OBJC_IMPLICIT_RETAIN_SELF = YES;
				CLANG_WARN_OBJC_LITERAL_CONVERSION = YES;
				CLANG_WARN_OBJC_ROOT_CLASS = YES_ERROR;
				CLANG_WARN_QUOTED_INCLUDE_IN_FRAMEWORK_HEADER = YES;
				CLANG_WARN_RANGE_LOOP_ANALYSIS = YES;
				CLANG_WARN_STRICT_PROTOTYPES = YES;
				CLANG_WARN_SUSPICIOUS_MOVE = YES;
				CLANG_WARN_UNGUARDED_AVAILABILITY = YES_AGGRESSIVE;
				CLANG_WARN_UNREACHABLE_CODE = YES;
				CLANG_WARN__DUPLICATE_METHOD_MATCH = YES;
				COPY_PHASE_STRIP = NO;
				DEBUG_INFORMATION_FORMAT = dwarf;
				ENABLE_STRICT_OBJC_MSGSEND = YES;
				ENABLE_TESTABILITY = YES;
				GCC_C_LANGUAGE_STANDARD = gnu11;
				GCC_DYNAMIC_NO_PIC = NO;
				GCC_NO_COMMON_BLOCKS = YES;
				GCC_OPTIMIZATION_LEVEL = 0;
				GCC_PREPROCESSOR_DEFINITIONS = (
					"DEBUG=1",
					"$(inherited)",
				);
				GCC_WARN_64_TO_32_BIT_CONVERSION = YES;
				GCC_WARN_ABOUT_RETURN_TYPE = YES_ERROR;
				GCC_WARN_UNDECLARED_SELECTOR = YES;
				GCC_WARN_UNINITIALIZED_AUTOS = YES_AGGRESSIVE;
				GCC_WARN_UNUSED_FUNCTION = YES;
				GCC_WARN_UNUSED_VARIABLE = YES;
				IPHONEOS_DEPLOYMENT_TARGET = 16.4;
				MTL_ENABLE_DEBUG_INFO = INCLUDE_SOURCE;
				MTL_FAST_MATH = YES;
				ONLY_ACTIVE_ARCH = YES;
				SDKROOT = iphoneos;
				SWIFT_ACTIVE_COMPILATION_CONDITIONS = DEBUG;
				SWIFT_OPTIMIZATION_LEVEL = "-Onone";
			};
			name = Debug;
		};
		879104A32A3B7193007C34A8 /* Release */ = {
			isa = XCBuildConfiguration;
			buildSettings = {
				ALWAYS_SEARCH_USER_PATHS = NO;
				CLANG_ANALYZER_NONNULL = YES;
				CLANG_ANALYZER_NUMBER_OBJECT_CONVERSION = YES_AGGRESSIVE;
				CLANG_CXX_LANGUAGE_STANDARD = "gnu++20";
				CLANG_ENABLE_MODULES = YES;
				CLANG_ENABLE_OBJC_ARC = YES;
				CLANG_ENABLE_OBJC_WEAK = YES;
				CLANG_WARN_BLOCK_CAPTURE_AUTORELEASING = YES;
				CLANG_WARN_BOOL_CONVERSION = YES;
				CLANG_WARN_COMMA = YES;
				CLANG_WARN_CONSTANT_CONVERSION = YES;
				CLANG_WARN_DEPRECATED_OBJC_IMPLEMENTATIONS = YES;
				CLANG_WARN_DIRECT_OBJC_ISA_USAGE = YES_ERROR;
				CLANG_WARN_DOCUMENTATION_COMMENTS = YES;
				CLANG_WARN_EMPTY_BODY = YES;
				CLANG_WARN_ENUM_CONVERSION = YES;
				CLANG_WARN_INFINITE_RECURSION = YES;
				CLANG_WARN_INT_CONVERSION = YES;
				CLANG_WARN_NON_LITERAL_NULL_CONVERSION = YES;
				CLANG_WARN_OBJC_IMPLICIT_RETAIN_SELF = YES;
				CLANG_WARN_OBJC_LITERAL_CONVERSION = YES;
				CLANG_WARN_OBJC_ROOT_CLASS = YES_ERROR;
				CLANG_WARN_QUOTED_INCLUDE_IN_FRAMEWORK_HEADER = YES;
				CLANG_WARN_RANGE_LOOP_ANALYSIS = YES;
				CLANG_WARN_STRICT_PROTOTYPES = YES;
				CLANG_WARN_SUSPICIOUS_MOVE = YES;
				CLANG_WARN_UNGUARDED_AVAILABILITY = YES_AGGRESSIVE;
				CLANG_WARN_UNREACHABLE_CODE = YES;
				CLANG_WARN__DUPLICATE_METHOD_MATCH = YES;
				COPY_PHASE_STRIP = NO;
				DEBUG_INFORMATION_FORMAT = "dwarf-with-dsym";
				ENABLE_NS_ASSERTIONS = NO;
				ENABLE_STRICT_OBJC_MSGSEND = YES;
				GCC_C_LANGUAGE_STANDARD = gnu11;
				GCC_NO_COMMON_BLOCKS = YES;
				GCC_WARN_64_TO_32_BIT_CONVERSION = YES;
				GCC_WARN_ABOUT_RETURN_TYPE = YES_ERROR;
				GCC_WARN_UNDECLARED_SELECTOR = YES;
				GCC_WARN_UNINITIALIZED_AUTOS = YES_AGGRESSIVE;
				GCC_WARN_UNUSED_FUNCTION = YES;
				GCC_WARN_UNUSED_VARIABLE = YES;
				IPHONEOS_DEPLOYMENT_TARGET = 16.4;
				MTL_ENABLE_DEBUG_INFO = NO;
				MTL_FAST_MATH = YES;
				SDKROOT = iphoneos;
				SWIFT_COMPILATION_MODE = wholemodule;
				SWIFT_OPTIMIZATION_LEVEL = "-O";
				VALIDATE_PRODUCT = YES;
			};
			name = Release;
		};
		879104A52A3B7193007C34A8 /* Debug */ = {
			isa = XCBuildConfiguration;
			buildSettings = {
				ASSETCATALOG_COMPILER_APPICON_NAME = AppIcon;
				ASSETCATALOG_COMPILER_GLOBAL_ACCENT_COLOR_NAME = AccentColor;
				CODE_SIGN_STYLE = Automatic;
				CURRENT_PROJECT_VERSION = 1;
				GENERATE_INFOPLIST_FILE = YES;
				INFOPLIST_FILE = TodoList/Info.plist;
				INFOPLIST_KEY_UIApplicationSupportsIndirectInputEvents = YES;
				INFOPLIST_KEY_UILaunchStoryboardName = LaunchScreen;
				INFOPLIST_KEY_UIMainStoryboardFile = Main;
				INFOPLIST_KEY_UISupportedInterfaceOrientations_iPad = "UIInterfaceOrientationPortrait UIInterfaceOrientationPortraitUpsideDown UIInterfaceOrientationLandscapeLeft UIInterfaceOrientationLandscapeRight";
				INFOPLIST_KEY_UISupportedInterfaceOrientations_iPhone = "UIInterfaceOrientationPortrait UIInterfaceOrientationLandscapeLeft UIInterfaceOrientationLandscapeRight";
				LD_RUNPATH_SEARCH_PATHS = (
					"$(inherited)",
					"@executable_path/Frameworks",
				);
				MARKETING_VERSION = 1.0;
				PRODUCT_BUNDLE_IDENTIFIER = anon1m4ick.TodoList;
				PRODUCT_NAME = "$(TARGET_NAME)";
				SWIFT_EMIT_LOC_STRINGS = YES;
				SWIFT_VERSION = 5.0;
				TARGETED_DEVICE_FAMILY = "1,2";
			};
			name = Debug;
		};
		879104A62A3B7193007C34A8 /* Release */ = {
			isa = XCBuildConfiguration;
			buildSettings = {
				ASSETCATALOG_COMPILER_APPICON_NAME = AppIcon;
				ASSETCATALOG_COMPILER_GLOBAL_ACCENT_COLOR_NAME = AccentColor;
				CODE_SIGN_STYLE = Automatic;
				CURRENT_PROJECT_VERSION = 1;
				GENERATE_INFOPLIST_FILE = YES;
				INFOPLIST_FILE = TodoList/Info.plist;
				INFOPLIST_KEY_UIApplicationSupportsIndirectInputEvents = YES;
				INFOPLIST_KEY_UILaunchStoryboardName = LaunchScreen;
				INFOPLIST_KEY_UIMainStoryboardFile = Main;
				INFOPLIST_KEY_UISupportedInterfaceOrientations_iPad = "UIInterfaceOrientationPortrait UIInterfaceOrientationPortraitUpsideDown UIInterfaceOrientationLandscapeLeft UIInterfaceOrientationLandscapeRight";
				INFOPLIST_KEY_UISupportedInterfaceOrientations_iPhone = "UIInterfaceOrientationPortrait UIInterfaceOrientationLandscapeLeft UIInterfaceOrientationLandscapeRight";
				LD_RUNPATH_SEARCH_PATHS = (
					"$(inherited)",
					"@executable_path/Frameworks",
				);
				MARKETING_VERSION = 1.0;
				PRODUCT_BUNDLE_IDENTIFIER = anon1m4ick.TodoList;
				PRODUCT_NAME = "$(TARGET_NAME)";
				SWIFT_EMIT_LOC_STRINGS = YES;
				SWIFT_VERSION = 5.0;
				TARGETED_DEVICE_FAMILY = "1,2";
			};
			name = Release;
		};
		879104A82A3B7193007C34A8 /* Debug */ = {
			isa = XCBuildConfiguration;
			buildSettings = {
				ALWAYS_EMBED_SWIFT_STANDARD_LIBRARIES = YES;
				BUNDLE_LOADER = "$(TEST_HOST)";
				CODE_SIGN_STYLE = Automatic;
				CURRENT_PROJECT_VERSION = 1;
				GENERATE_INFOPLIST_FILE = YES;
				IPHONEOS_DEPLOYMENT_TARGET = 16.4;
				MARKETING_VERSION = 1.0;
				PRODUCT_BUNDLE_IDENTIFIER = anon1m4ick.TodoListTests;
				PRODUCT_NAME = "$(TARGET_NAME)";
				SWIFT_EMIT_LOC_STRINGS = NO;
				SWIFT_VERSION = 5.0;
				TARGETED_DEVICE_FAMILY = "1,2";
				TEST_HOST = "$(BUILT_PRODUCTS_DIR)/TodoList.app/$(BUNDLE_EXECUTABLE_FOLDER_PATH)/TodoList";
			};
			name = Debug;
		};
		879104A92A3B7193007C34A8 /* Release */ = {
			isa = XCBuildConfiguration;
			buildSettings = {
				ALWAYS_EMBED_SWIFT_STANDARD_LIBRARIES = YES;
				BUNDLE_LOADER = "$(TEST_HOST)";
				CODE_SIGN_STYLE = Automatic;
				CURRENT_PROJECT_VERSION = 1;
				GENERATE_INFOPLIST_FILE = YES;
				IPHONEOS_DEPLOYMENT_TARGET = 16.4;
				MARKETING_VERSION = 1.0;
				PRODUCT_BUNDLE_IDENTIFIER = anon1m4ick.TodoListTests;
				PRODUCT_NAME = "$(TARGET_NAME)";
				SWIFT_EMIT_LOC_STRINGS = NO;
				SWIFT_VERSION = 5.0;
				TARGETED_DEVICE_FAMILY = "1,2";
				TEST_HOST = "$(BUILT_PRODUCTS_DIR)/TodoList.app/$(BUNDLE_EXECUTABLE_FOLDER_PATH)/TodoList";
			};
			name = Release;
		};
		879104AB2A3B7193007C34A8 /* Debug */ = {
			isa = XCBuildConfiguration;
			buildSettings = {
				ALWAYS_EMBED_SWIFT_STANDARD_LIBRARIES = YES;
				CODE_SIGN_STYLE = Automatic;
				CURRENT_PROJECT_VERSION = 1;
				GENERATE_INFOPLIST_FILE = YES;
				MARKETING_VERSION = 1.0;
				PRODUCT_BUNDLE_IDENTIFIER = anon1m4ick.TodoListUITests;
				PRODUCT_NAME = "$(TARGET_NAME)";
				SWIFT_EMIT_LOC_STRINGS = NO;
				SWIFT_VERSION = 5.0;
				TARGETED_DEVICE_FAMILY = "1,2";
				TEST_TARGET_NAME = TodoList;
			};
			name = Debug;
		};
		879104AC2A3B7193007C34A8 /* Release */ = {
			isa = XCBuildConfiguration;
			buildSettings = {
				ALWAYS_EMBED_SWIFT_STANDARD_LIBRARIES = YES;
				CODE_SIGN_STYLE = Automatic;
				CURRENT_PROJECT_VERSION = 1;
				GENERATE_INFOPLIST_FILE = YES;
				MARKETING_VERSION = 1.0;
				PRODUCT_BUNDLE_IDENTIFIER = anon1m4ick.TodoListUITests;
				PRODUCT_NAME = "$(TARGET_NAME)";
				SWIFT_EMIT_LOC_STRINGS = NO;
				SWIFT_VERSION = 5.0;
				TARGETED_DEVICE_FAMILY = "1,2";
				TEST_TARGET_NAME = TodoList;
			};
			name = Release;
		};
/* End XCBuildConfiguration section */

/* Begin XCConfigurationList section */
		879104752A3B7191007C34A8 /* Build configuration list for PBXProject "TodoList" */ = {
			isa = XCConfigurationList;
			buildConfigurations = (
				879104A22A3B7193007C34A8 /* Debug */,
				879104A32A3B7193007C34A8 /* Release */,
			);
			defaultConfigurationIsVisible = 0;
			defaultConfigurationName = Release;
		};
		879104A42A3B7193007C34A8 /* Build configuration list for PBXNativeTarget "TodoList" */ = {
			isa = XCConfigurationList;
			buildConfigurations = (
				879104A52A3B7193007C34A8 /* Debug */,
				879104A62A3B7193007C34A8 /* Release */,
			);
			defaultConfigurationIsVisible = 0;
			defaultConfigurationName = Release;
		};
		879104A72A3B7193007C34A8 /* Build configuration list for PBXNativeTarget "TodoListTests" */ = {
			isa = XCConfigurationList;
			buildConfigurations = (
				879104A82A3B7193007C34A8 /* Debug */,
				879104A92A3B7193007C34A8 /* Release */,
			);
			defaultConfigurationIsVisible = 0;
			defaultConfigurationName = Release;
		};
		879104AA2A3B7193007C34A8 /* Build configuration list for PBXNativeTarget "TodoListUITests" */ = {
			isa = XCConfigurationList;
			buildConfigurations = (
				879104AB2A3B7193007C34A8 /* Debug */,
				879104AC2A3B7193007C34A8 /* Release */,
			);
			defaultConfigurationIsVisible = 0;
			defaultConfigurationName = Release;
		};
/* End XCConfigurationList section */
	};
	rootObject = 879104722A3B7191007C34A8 /* Project object */;
}
